{
  "originHash" : "baa698933ae776986fd0c39010cec359930758c453e37ef2e79e051420eecc4f",
  "pins" : [
    {
      "identity" : "mac-kit-swift",
      "kind" : "remoteSourceControl",
      "location" : "https://github.com/x0c/mac-kit-swift",
      "state" : {
        "revision" : "800ea93d69f3c09974e996d18da2a34da7524934",
        "version" : "0.1.3"
      }
    },
    {
      "identity" : "sparkle",
      "kind" : "remoteSourceControl",
      "location" : "https://github.com/sparkle-project/Sparkle",
      "state" : {
        "revision" : "ac2def288cbff5cfc7df3ffef6abdf45b72bcb0a",
        "version" : "2.9.6"
      }
    }
  ],
  "version" : 3
}
